
Microsoft Visual Studio Solution File, Format Version 12.00
# Visual Studio Version 17
VisualStudioVersion = 17.7.34018.315
MinimumVisualStudioVersion = 10.0.40219.1
Project("{9A19103F-16F7-4668-BE54-9A1E7A4F7556}") = "KYC.DataBase", "src\KYC.DataBase\KYC.DataBase.csproj", "{3D75FF8F-22CA-4833-BCEE-04B1EB00B6E4}"
EndProject
Project("{2150E333-8FDC-42A3-9474-1A3956D46DE8}") = "src", "src", "{1D666A02-7F38-43DF-BB1B-A435637B86B1}"
EndProject
Global
	GlobalSection(SolutionConfigurationPlatforms) = preSolution
		Debug|Any CPU = Debug|Any CPU
		Release|Any CPU = Release|Any CPU
	EndGlobalSection
	GlobalSection(ProjectConfigurationPlatforms) = postSolution
		{3D75FF8F-22CA-4833-BCEE-04B1EB00B6E4}.Debug|Any CPU.ActiveCfg = Debug|Any CPU
		{3D75FF8F-22CA-4833-BCEE-04B1EB00B6E4}.Debug|Any CPU.Build.0 = Debug|Any CPU
		{3D75FF8F-22CA-4833-BCEE-04B1EB00B6E4}.Release|Any CPU.ActiveCfg = Release|Any CPU
		{3D75FF8F-22CA-4833-BCEE-04B1EB00B6E4}.Release|Any CPU.Build.0 = Release|Any CPU
	EndGlobalSection
	GlobalSection(SolutionProperties) = preSolution
		HideSolutionNode = FALSE
	EndGlobalSection
	GlobalSection(NestedProjects) = preSolution
		{3D75FF8F-22CA-4833-BCEE-04B1EB00B6E4} = {1D666A02-7F38-43DF-BB1B-A435637B86B1}
	EndGlobalSection
	GlobalSection(ExtensibilityGlobals) = postSolution
		SolutionGuid = {08B2E3C5-4970-4D65-BD50-C13CADA7BCD4}
	EndGlobalSection
EndGlobal
